github.com/pimsmath/gohugo-theme-syzygy-callysto v0.0.0-20210302174601-e72ccc74fd2d h1:gWOzeEJwNpvws3POALObRPO/2HEpySt0EEHFWGSRt6w=
github.com/pimsmath/gohugo-theme-syzygy-callysto v0.0.0-20210302174601-e72ccc74fd2d/go.mod h1:SpusQay0IasUv1IG6fNvcHXtOfAujZhLi7sT8RXTYrE=
github.com/pimsmath/gohugo-theme-syzygy-callysto v0.0.0-20210304003554-39365d74069d h1:ur1dMMJ4yyPKqo0LR/3tPFKye8VAvYluIZnB2idv8J4=
github.com/pimsmath/gohugo-theme-syzygy-callysto v0.0.0-20210304003554-39365d74069d/go.mod h1:SpusQay0IasUv1IG6fNvcHXtOfAujZhLi7sT8RXTYrE=
